
Microsoft Visual Studio Solution File, Format Version 12.00
# Visual Studio Version 17
VisualStudioVersion = 17.14.36310.24
MinimumVisualStudioVersion = 10.0.40219.1
Project("{FAE04EC0-301F-11D3-BF4B-00C04F79EFBC}") = "SolutionForBuisnessTest", "SolutionForBuisnessTest\SolutionForBuisnessTest.csproj", "{BB0BFB88-6CCA-6F1D-4A6B-EE019C3877D0}"
EndProject
Project("{E53339B2-1760-4266-BCC7-CA923CBCF16C}") = "docker-compose", "docker-compose.dcproj", "{81DDED9D-158B-E303-5F62-77A2896D2A5A}"
EndProject
Project("{FAE04EC0-301F-11D3-BF4B-00C04F79EFBC}") = "SolutionForBuisnessFrontend", "SolutionForBuisnessFrontend\SolutionForBuisnessFrontend.csproj", "{7B322ED3-6B31-40A5-B0B1-3DFC75151115}"
EndProject
Global
	GlobalSection(SolutionConfigurationPlatforms) = preSolution
		Debug|Any CPU = Debug|Any CPU
		Release|Any CPU = Release|Any CPU
	EndGlobalSection
	GlobalSection(ProjectConfigurationPlatforms) = postSolution
		{BB0BFB88-6CCA-6F1D-4A6B-EE019C3877D0}.Debug|Any CPU.ActiveCfg = Debug|Any CPU
		{BB0BFB88-6CCA-6F1D-4A6B-EE019C3877D0}.Debug|Any CPU.Build.0 = Debug|Any CPU
		{BB0BFB88-6CCA-6F1D-4A6B-EE019C3877D0}.Release|Any CPU.ActiveCfg = Release|Any CPU
		{BB0BFB88-6CCA-6F1D-4A6B-EE019C3877D0}.Release|Any CPU.Build.0 = Release|Any CPU
		{81DDED9D-158B-E303-5F62-77A2896D2A5A}.Debug|Any CPU.ActiveCfg = Debug|Any CPU
		{81DDED9D-158B-E303-5F62-77A2896D2A5A}.Debug|Any CPU.Build.0 = Debug|Any CPU
		{81DDED9D-158B-E303-5F62-77A2896D2A5A}.Release|Any CPU.ActiveCfg = Release|Any CPU
		{81DDED9D-158B-E303-5F62-77A2896D2A5A}.Release|Any CPU.Build.0 = Release|Any CPU
		{7B322ED3-6B31-40A5-B0B1-3DFC75151115}.Debug|Any CPU.ActiveCfg = Debug|Any CPU
		{7B322ED3-6B31-40A5-B0B1-3DFC75151115}.Debug|Any CPU.Build.0 = Debug|Any CPU
		{7B322ED3-6B31-40A5-B0B1-3DFC75151115}.Release|Any CPU.ActiveCfg = Release|Any CPU
		{7B322ED3-6B31-40A5-B0B1-3DFC75151115}.Release|Any CPU.Build.0 = Release|Any CPU
	EndGlobalSection
	GlobalSection(SolutionProperties) = preSolution
		HideSolutionNode = FALSE
	EndGlobalSection
	GlobalSection(ExtensibilityGlobals) = postSolution
		SolutionGuid = {16349EE3-93F6-437E-8AAD-FC291A2AB193}
	EndGlobalSection
EndGlobal
